# @generated by Move, please check-in and do not edit manually.

[move]
version = 3
manifest_digest = "ACCFD588BD778DEC8CAAB90E2BD4E283BB1E520D0B89DAD36A39030A0830D32D"
deps_digest = "3C4103934B1E040BB6B23F1D610B4EF9F2F1166A50A104EADCF77467C004C600"
dependencies = [
  { id = "Sui", name = "Sui" },
  { id = "token", name = "token" },
]

[[move.package]]
id = "MoveStdlib"
source = { git = "https://github.com/MystenLabs/sui.git", rev = "framework/mainnet", subdir = "crates/sui-framework/packages/move-stdlib" }

[[move.package]]
id = "Sui"
source = { git = "https://github.com/MystenLabs/sui.git", rev = "framework/mainnet", subdir = "crates/sui-framework/packages/sui-framework" }

dependencies = [
  { id = "MoveStdlib", name = "MoveStdlib" },
]

[[move.package]]
id = "token"
source = { local = "../token" }

dependencies = [
  { id = "Sui", name = "Sui" },
]

[move.toolchain-version]
compiler-version = "1.40.2"
edition = "2024.beta"
flavor = "sui"

[env]

[env.mainnet]
chain-id = "35834a8a"
original-published-id = "0xd43eeaa30cb62d94ecf7d2a2283913486bfd9288926f9f7ff237ac7a6cb44b41"
latest-published-id = "0xd43eeaa30cb62d94ecf7d2a2283913486bfd9288926f9f7ff237ac7a6cb44b41"
published-version = "1"
