# @generated by Move, please check-in and do not edit manually.

[move]
version = 3
manifest_digest = "DA4105B853665F4BE11BB5F753669DACF841ACE1D6E87E7FF2AD9E6A83A9AD03"
deps_digest = "3C4103934B1E040BB6B23F1D610B4EF9F2F1166A50A104EADCF77467C004C600"
dependencies = [
  { id = "Sui", name = "Sui" },
  { id = "suins_token", name = "suins_token" },
]

[[move.package]]
id = "MoveStdlib"
source = { git = "https://github.com/MystenLabs/sui.git", rev = "framework/mainnet", subdir = "crates/sui-framework/packages/move-stdlib" }

[[move.package]]
id = "Sui"
source = { git = "https://github.com/MystenLabs/sui.git", rev = "framework/mainnet", subdir = "crates/sui-framework/packages/sui-framework" }

dependencies = [
  { id = "MoveStdlib", name = "MoveStdlib" },
]

[[move.package]]
id = "suins_token"
source = { local = "../token" }

dependencies = [
  { id = "Sui", name = "Sui" },
]

[move.toolchain-version]
compiler-version = "1.55.0"
edition = "2024.beta"
flavor = "sui"

[env]

[env.mainnet]
chain-id = "35834a8a"
original-published-id = "0xdcdcc90460c2b262f24a387a4fda6ceb0365c88349a4c87d3e270afdb74ff94f"
latest-published-id = "0xdcdcc90460c2b262f24a387a4fda6ceb0365c88349a4c87d3e270afdb74ff94f"
published-version = "1"
