# @generated by Move, please check-in and do not edit manually.

[move]
version = 1
manifest_digest = "1C84167604CF87169A914020CB310C1A1B60DE762E11FE6EE258940655B2498B"
deps_digest = "3C4103934B1E040BB6B23F1D610B4EF9F2F1166A50A104EADCF77467C004C600"

dependencies = [
  { name = "Sui" },
  { name = "suins" },
]

[[move.package]]
name = "MoveStdlib"
source = { git = "https://github.com/MystenLabs/sui.git", rev = "framework/mainnet", subdir = "crates/sui-framework/packages/move-stdlib" }

[[move.package]]
name = "Sui"
source = { git = "https://github.com/MystenLabs/sui.git", rev = "framework/mainnet", subdir = "crates/sui-framework/packages/sui-framework" }

dependencies = [
  { name = "MoveStdlib" },
]

[[move.package]]
name = "suins"
source = { local = "../suins" }

dependencies = [
  { name = "Sui" },
]

[move.toolchain-version]
compiler-version = "1.26.0"
edition = "2024.beta"
flavor = "sui"

[env]

[env.testnet]
chain-id = "4c78adac"
original-published-id = "0xa86c05fbc6371788eb31260dc5085f4bfeab8b95c95d9092c9eb86e63fae3d49"
latest-published-id = "0xa86c05fbc6371788eb31260dc5085f4bfeab8b95c95d9092c9eb86e63fae3d49"
published-version = "1"

[env.mainnet]
chain-id = "35834a8a"
original-published-id = "0xc967b7862d926720761ee15fbd0254a975afa928712abcaa4f7c17bb2b38d38b"
latest-published-id = "0xc967b7862d926720761ee15fbd0254a975afa928712abcaa4f7c17bb2b38d38b"
published-version = "1"
