# @generated by Move, please check-in and do not edit manually.

[move]
version = 3
manifest_digest = "39E6F97A4533CA627CE642AE97A586926A1929E9821DE6801BAD0870470305F8"
deps_digest = "3C4103934B1E040BB6B23F1D610B4EF9F2F1166A50A104EADCF77467C004C600"
dependencies = [
  { id = "Sui", name = "Sui" },
  { id = "suins_subdomains", name = "suins_subdomains" },
]

[[move.package]]
id = "MoveStdlib"
source = { git = "https://github.com/MystenLabs/sui.git", rev = "framework/mainnet", subdir = "crates/sui-framework/packages/move-stdlib" }

[[move.package]]
id = "Sui"
source = { git = "https://github.com/MystenLabs/sui.git", rev = "framework/mainnet", subdir = "crates/sui-framework/packages/sui-framework" }

dependencies = [
  { id = "MoveStdlib", name = "MoveStdlib" },
]

[[move.package]]
id = "suins"
source = { local = "../suins" }

dependencies = [
  { id = "Sui", name = "Sui" },
]

[[move.package]]
id = "suins_denylist"
source = { local = "../denylist" }

dependencies = [
  { id = "Sui", name = "Sui" },
  { id = "suins", name = "suins" },
]

[[move.package]]
id = "suins_subdomains"
source = { local = "../subdomains" }

dependencies = [
  { id = "Sui", name = "Sui" },
  { id = "suins", name = "suins" },
  { id = "suins_denylist", name = "suins_denylist" },
]

[move.toolchain-version]
compiler-version = "1.51.2"
edition = "2024.beta"
flavor = "sui"

[env]

[env.mainnet]
chain-id = "35834a8a"
original-published-id = "0xf335dfbcb2020fc996250c0d6fd4655c5e2036b0606cac7408aa163f51340886"
latest-published-id = "0xf335dfbcb2020fc996250c0d6fd4655c5e2036b0606cac7408aa163f51340886"
published-version = "1"

[env.testnet]
chain-id = "4c78adac"
original-published-id = "0x295a0749dae0e76126757c305f218f929df0656df66a6361f8b6c6480a943f12"
latest-published-id = "0xf0c12144cb6e237a28b75368fd7a03fb2c484923a4b471da96e059f9e34edce7"
published-version = "2"
