# @generated by Move, please check-in and do not edit manually.

[move]
version = 0
manifest_digest = "0C205091F4A7B23BD21BAD8D6CA35138BD2402DFA00586D85728C0AC85811B58"
deps_digest = "060AD7E57DFB13104F21BE5F5C3759D03F0553FC3229247D9A7A6B45F50D03A3"

dependencies = [
  { name = "Sui" },
  { name = "subdomains" },
  { name = "utils" },
]

[[move.package]]
name = "MoveStdlib"
source = { git = "https://github.com/MystenLabs/sui.git", rev = "framework/testnet", subdir = "crates/sui-framework/packages/move-stdlib" }

[[move.package]]
name = "Sui"
source = { git = "https://github.com/MystenLabs/sui.git", rev = "framework/testnet", subdir = "crates/sui-framework/packages/sui-framework" }

dependencies = [
  { name = "MoveStdlib" },
]

[[move.package]]
name = "subdomains"
source = { local = "../subdomains" }

dependencies = [
  { name = "Sui" },
  { name = "suins" },
]

[[move.package]]
name = "suins"
source = { local = "../suins" }

dependencies = [
  { name = "Sui" },
]

[[move.package]]
name = "utils"
source = { local = "../utils" }

dependencies = [
  { name = "Sui" },
  { name = "suins" },
]
