# @generated by Move, please check-in and do not edit manually.

[move]
version = 2
manifest_digest = "5B3CC880F9BF3F296CD220EE9A75E5A07404B45E00D25457EC0EB60A1D3CFFCA"
deps_digest = "060AD7E57DFB13104F21BE5F5C3759D03F0553FC3229247D9A7A6B45F50D03A3"
dependencies = [
  { name = "Sui" },
  { name = "subdomains" },
  { name = "utils" },
]

[[move.package]]
name = "MoveStdlib"
source = { git = "https://github.com/MystenLabs/sui.git", rev = "framework/testnet", subdir = "crates/sui-framework/packages/move-stdlib" }

[[move.package]]
name = "Sui"
source = { git = "https://github.com/MystenLabs/sui.git", rev = "framework/testnet", subdir = "crates/sui-framework/packages/sui-framework" }

dependencies = [
  { name = "MoveStdlib" },
]

[[move.package]]
name = "denylist"
source = { local = "../denylist" }

dependencies = [
  { name = "Sui" },
  { name = "suins" },
]

[[move.package]]
name = "subdomains"
source = { local = "../subdomains" }

dependencies = [
  { name = "Sui" },
  { name = "denylist" },
  { name = "suins" },
]

[[move.package]]
name = "suins"
source = { local = "../suins" }

dependencies = [
  { name = "Sui" },
]

[[move.package]]
name = "utils"
source = { local = "../utils" }

dependencies = [
  { name = "Sui" },
  { name = "suins" },
]

[move.toolchain-version]
compiler-version = "1.27.0"
edition = "2024.beta"
flavor = "sui"

[env]

[env.mainnet]
chain-id = "35834a8a"
original-published-id = "0xdacfd7c1176a68137b38a875d76a2f65d277596d2c632881931d926b16de2698"
latest-published-id = "0xdacfd7c1176a68137b38a875d76a2f65d277596d2c632881931d926b16de2698"
published-version = "1"
