# Generated by move; do not edit
# This file should be checked in.

[move]
version = 4

[pinned.testnet.MoveStdlib]
source = { git = "https://github.com/MystenLabs/sui.git", subdir = "crates/sui-framework/packages/move-stdlib", rev = "d50b78880fdacb1bbde92e6974ed71a7650c1090" }
use_environment = "testnet"
manifest_digest = "C4FE4C91DE74CBF223B2E380AE40F592177D21870DC2D7EB6227D2D694E05363"
deps = {}

[pinned.testnet.MoveStdlib_1]
source = { git = "https://github.com/MystenLabs/sui.git", subdir = "crates/sui-framework/packages/move-stdlib", rev = "041c5f2bae2fe52079e44b70514333532d69f4e6" }
use_environment = "testnet"
manifest_digest = "C4FE4C91DE74CBF223B2E380AE40F592177D21870DC2D7EB6227D2D694E05363"
deps = {}

[pinned.testnet.MoveStdlib_2]
source = { git = "https://github.com/MystenLabs/sui.git", subdir = "crates/sui-framework/packages/move-stdlib", rev = "027e13b2c14022b58067bd536c7e4f2afff72164" }
use_environment = "testnet"
manifest_digest = "C4FE4C91DE74CBF223B2E380AE40F592177D21870DC2D7EB6227D2D694E05363"
deps = {}

[pinned.testnet.Pyth]
source = { git = "https://github.com/pyth-network/pyth-crosschain.git", subdir = "target_chains/sui/contracts", rev = "62c7a5bc0fc857ba6417ad780190552d4919ceca" }
use_environment = "testnet"
manifest_digest = "EE442EEB0E1F71B244DBB1E016B1D0D8F67061BDAFA606B6C86F093D15CA0755"
deps = { Sui = "Sui_1", Wormhole = "Wormhole" }

[pinned.testnet.PythProCompatible]
source = { git = "https://github.com/pyth-network/pyth-crosschain.git", subdir = "target_chains/sui/contracts", rev = "6c78a4d882daf4d91457ad5142cb58fc7e376f98" }
use_environment = "testnet"
manifest_digest = "AEAC3FAD5DCF925755E55B4498F4CED3B564F87B638049EF0A7C4E9F2EA7E9EC"
deps = { Sui = "Sui_1", WormholeSimpleMajority = "WormholeSimpleMajority" }

[pinned.testnet.Sui]
source = { git = "https://github.com/MystenLabs/sui.git", subdir = "crates/sui-framework/packages/sui-framework", rev = "d50b78880fdacb1bbde92e6974ed71a7650c1090" }
use_environment = "testnet"
manifest_digest = "7AFB66695545775FBFBB2D3078ADFD084244D5002392E837FDE21D9EA1C6D01C"
deps = { MoveStdlib = "MoveStdlib" }

[pinned.testnet.Sui_1]
source = { git = "https://github.com/MystenLabs/sui.git", subdir = "crates/sui-framework/packages/sui-framework", rev = "041c5f2bae2fe52079e44b70514333532d69f4e6" }
use_environment = "testnet"
manifest_digest = "7AFB66695545775FBFBB2D3078ADFD084244D5002392E837FDE21D9EA1C6D01C"
deps = { MoveStdlib = "MoveStdlib_1" }

[pinned.testnet.Sui_2]
source = { git = "https://github.com/MystenLabs/sui.git", subdir = "crates/sui-framework/packages/sui-framework", rev = "027e13b2c14022b58067bd536c7e4f2afff72164" }
use_environment = "testnet"
manifest_digest = "7AFB66695545775FBFBB2D3078ADFD084244D5002392E837FDE21D9EA1C6D01C"
deps = { MoveStdlib = "MoveStdlib_2" }

[pinned.testnet.Wormhole]
source = { git = "https://github.com/wormhole-foundation/wormhole.git", subdir = "sui/wormhole", rev = "1b1cb69e809e0e7081cf1bf9b2779c41c14fc7f0" }
use_environment = "testnet"
manifest_digest = "6996F1AB8CD448FFBA142C085C488FE8A46B485E61E38A1891EFA52B30D9C12E"
deps = { Sui = "Sui_1" }

[pinned.testnet.WormholeSimpleMajority]
source = { git = "https://github.com/pyth-network/pyth-crosschain.git", subdir = "target_chains/sui/vendor/wormhole_simple_majority/wormhole", rev = "6c78a4d882daf4d91457ad5142cb58fc7e376f98" }
use_environment = "testnet"
manifest_digest = "6996F1AB8CD448FFBA142C085C488FE8A46B485E61E38A1891EFA52B30D9C12E"
deps = { Sui = "Sui_1" }

[pinned.testnet.suins]
source = { local = "../suins" }
use_environment = "testnet"
manifest_digest = "DEE42C89BB3F8EC67C17BC4AE0CEBE14A28F4FA787E857046EAF0FA38D556496"
deps = { Sui = "Sui_2" }

[pinned.testnet.suins_bbb]
source = { local = "../bbb" }
use_environment = "testnet"
manifest_digest = "2CF7B915F625ACBFB97E3606755D0E2E2E50D26B3548B5D069816DCD9BD18C79"
deps = { pyth = "Pyth", pyth_pro_compatible = "PythProCompatible", std = "MoveStdlib", sui = "Sui" }

[pinned.testnet.suins_payments]
source = { root = true }
use_environment = "testnet"
manifest_digest = "D1207F84D8003C1DD6C88458EF12FAF6D5CA0E481E93179BC11664F6BEFFCD7F"
deps = { pyth = "Pyth", pyth_pro_compatible = "PythProCompatible", std = "MoveStdlib", sui = "Sui", suins = "suins", suins_bbb = "suins_bbb" }
