# @generated by Move, please check-in and do not edit manually.

[move]
version = 0

dependencies = [
  { name = "Sui" },
  { name = "coupons" },
  { name = "suins" },
]
manifest_digest = "4B56EAC21C4963BA95038EE207F963699979911646EBA063712667FFFFB37F2F"
deps_digest = "060AD7E57DFB13104F21BE5F5C3759D03F0553FC3229247D9A7A6B45F50D03A3"

[[move.package]]
name = "MoveStdlib"
source = { git = "https://github.com/MystenLabs/sui.git", rev = "framework/mainnet", subdir = "crates/sui-framework/packages/move-stdlib" }

[[move.package]]
name = "Sui"
source = { git = "https://github.com/MystenLabs/sui.git", rev = "framework/mainnet", subdir = "crates/sui-framework/packages/sui-framework" }

dependencies = [
  { name = "MoveStdlib" },
]

[[move.package]]
name = "coupons"
source = { local = "../coupons" }

dependencies = [
  { name = "Sui" },
  { name = "suins" },
]

[[move.package]]
name = "suins"
source = { git = "https://github.com/mystenlabs/suins-contracts/", rev = "releases/testnet/core/v2", subdir = "packages/suins" }

dependencies = [
  { name = "Sui" },
]

[move.toolchain-version]
compiler-version = "1.27.0"
edition = "2024.beta"
flavor = "sui"

[env]

[env.testnet]
chain-id = "4c78adac"
original-published-id = "0x8f01eb1378d53e62239f8cf4ca495c703eb346f35902cf5d7b7727cd6c0b39fc"
latest-published-id = "0x8f01eb1378d53e62239f8cf4ca495c703eb346f35902cf5d7b7727cd6c0b39fc"
published-version = "1"
