# @generated by Move, please check-in and do not edit manually.

[move]
version = 3
manifest_digest = "B17A6B7397A3EA73635ACD3EEF32AB96A23C73526464A6195078252C7B54BD3E"
deps_digest = "3C4103934B1E040BB6B23F1D610B4EF9F2F1166A50A104EADCF77467C004C600"
dependencies = [
  { id = "Sui", name = "Sui" },
  { id = "suins", name = "suins" },
]

[[move.package]]
id = "MoveStdlib"
source = { git = "https://github.com/MystenLabs/sui.git", rev = "framework/mainnet", subdir = "crates/sui-framework/packages/move-stdlib" }

[[move.package]]
id = "Sui"
source = { git = "https://github.com/MystenLabs/sui.git", rev = "framework/mainnet", subdir = "crates/sui-framework/packages/sui-framework" }

dependencies = [
  { id = "MoveStdlib", name = "MoveStdlib" },
]

[[move.package]]
id = "suins"
source = { local = "../suins" }

dependencies = [
  { id = "Sui", name = "Sui" },
]

[move.toolchain-version]
compiler-version = "1.40.2"
edition = "2024.beta"
flavor = "sui"

[env]

[env.mainnet]
chain-id = "35834a8a"
original-published-id = "0x6d14ca3049be747ec87166e6dce5d0d9a30f3b3c281c55d6e518958a236f8b97"
latest-published-id = "0x6d14ca3049be747ec87166e6dce5d0d9a30f3b3c281c55d6e518958a236f8b97"
published-version = "1"
