# @generated by Move, please check-in and do not edit manually.

[move]
version = 2
manifest_digest = "0362FBD2C3CF58004BC56990BF177864677D4D7ADC8B34E2CC3657B7D80953B1"
deps_digest = "3C4103934B1E040BB6B23F1D610B4EF9F2F1166A50A104EADCF77467C004C600"
dependencies = [
  { name = "Sui" },
  { name = "suins" },
]

[[move.package]]
name = "MoveStdlib"
source = { git = "https://github.com/MystenLabs/sui.git", rev = "framework/testnet", subdir = "crates/sui-framework/packages/move-stdlib" }

[[move.package]]
name = "Sui"
source = { git = "https://github.com/MystenLabs/sui.git", rev = "framework/testnet", subdir = "crates/sui-framework/packages/sui-framework" }

dependencies = [
  { name = "MoveStdlib" },
]

[[move.package]]
name = "suins"
source = { git = "https://github.com/mystenlabs/suins-contracts/", rev = "releases/testnet/core/v2", subdir = "packages/suins" }

dependencies = [
  { name = "Sui" },
]

[move.toolchain-version]
compiler-version = "1.27.0"
edition = "2024.beta"
flavor = "sui"

[env]

[env.testnet]
chain-id = "4c78adac"
original-published-id = "0x689a2d65a9666921e73ad4d59d13fee0d4be5df1ab5c0eeda8e0f7ebecb6f1b7"
latest-published-id = "0x689a2d65a9666921e73ad4d59d13fee0d4be5df1ab5c0eeda8e0f7ebecb6f1b7"
published-version = "1"
