# @generated by Move, please check-in and do not edit manually.

[move]
version = 2
manifest_digest = "832599D4A2CAAA7AF930FB00A5FB78CA1EB7D00D25C8FBABD358233132DD1500"
deps_digest = "3C4103934B1E040BB6B23F1D610B4EF9F2F1166A50A104EADCF77467C004C600"
dependencies = [
  { name = "Sui" },
  { name = "suins" },
]

[[move.package]]
name = "MoveStdlib"
source = { git = "https://github.com/MystenLabs/sui.git", rev = "framework/mainnet", subdir = "crates/sui-framework/packages/move-stdlib" }

[[move.package]]
name = "Sui"
source = { git = "https://github.com/MystenLabs/sui.git", rev = "framework/mainnet", subdir = "crates/sui-framework/packages/sui-framework" }

dependencies = [
  { name = "MoveStdlib" },
]

[[move.package]]
name = "suins"
source = { git = "https://github.com/mystenlabs/suins-contracts/", rev = "releases/mainnet/core/v3", subdir = "packages/suins" }

dependencies = [
  { name = "Sui" },
]

[move.toolchain-version]
compiler-version = "1.27.0"
edition = "2024.beta"
flavor = "sui"

[env]

[env.mainnet]
chain-id = "35834a8a"
original-published-id = "0x6d14ca3049be747ec87166e6dce5d0d9a30f3b3c281c55d6e518958a236f8b97"
latest-published-id = "0x6d14ca3049be747ec87166e6dce5d0d9a30f3b3c281c55d6e518958a236f8b97"
published-version = "1"
