# @generated by Move, please check-in and do not edit manually.

[move]
version = 1
manifest_digest = "05318996416E6E5B7526FAF93A4FC5BEFEA14337458D2CFCE432ABE80A33CF8E"
deps_digest = "F8BBB0CCB2491CA29A3DF03D6F92277A4F3574266507ACD77214D37ECA3F3082"

dependencies = [
  { name = "Sui" },
]

[[move.package]]
name = "MoveStdlib"
source = { git = "https://github.com/MystenLabs/sui.git", rev = "framework/testnet", subdir = "crates/sui-framework/packages/move-stdlib" }

[[move.package]]
name = "Sui"
source = { git = "https://github.com/MystenLabs/sui.git", rev = "framework/testnet", subdir = "crates/sui-framework/packages/sui-framework" }

dependencies = [
  { name = "MoveStdlib" },
]

[move.toolchain-version]
compiler-version = "1.24.0"
edition = "2024.beta"
flavor = "sui"

[env]

[env.mainnet]
chain-id = "35834a8a"
original-published-id = "0xd22b24490e0bae52676651b4f56660a5ff8022a2576e0089f79b3c88d44e08f0"
latest-published-id = "0xd22b24490e0bae52676651b4f56660a5ff8022a2576e0089f79b3c88d44e08f0"
published-version = "1"

[env.testnet]
chain-id = "4c78adac"
original-published-id = "0x22fa05f21b1ad71442491220bb9338f7b7095fe35000ef88d5400d28523bdd93"
latest-published-id = "0x22fa05f21b1ad71442491220bb9338f7b7095fe35000ef88d5400d28523bdd93"
published-version = "1"
