# @generated by Move, please check-in and do not edit manually.

[move]
version = 2
manifest_digest = "9AA8894A3B38D1EC15521138279E65C41CC7A1BBBD0395721F2901926017EF4D"
deps_digest = "3C4103934B1E040BB6B23F1D610B4EF9F2F1166A50A104EADCF77467C004C600"
dependencies = [
  { name = "Sui" },
  { name = "suins" },
]

[[move.package]]
name = "MoveStdlib"
source = { git = "https://github.com/MystenLabs/sui.git", rev = "framework/mainnet", subdir = "crates/sui-framework/packages/move-stdlib" }

[[move.package]]
name = "Sui"
source = { git = "https://github.com/MystenLabs/sui.git", rev = "framework/mainnet", subdir = "crates/sui-framework/packages/sui-framework" }

dependencies = [
  { name = "MoveStdlib" },
]

[[move.package]]
name = "suins"
source = { local = "../suins" }

dependencies = [
  { name = "Sui" },
]

[move.toolchain-version]
compiler-version = "1.23.1"
edition = "2024.beta"
flavor = "sui"

[env.testnet]
chain-id = "4c78adac"
original-published-id = "0x71c2dc2ce8a3cde0f7fa6638519c64f24b1b7bc20e8272d2ca0690ffbbfabc4a"
latest-published-id = "0x71c2dc2ce8a3cde0f7fa6638519c64f24b1b7bc20e8272d2ca0690ffbbfabc4a"
published-version = "1"

[env.mainnet]
chain-id = "35834a8a"
original-published-id = "0xbf1431324a4a6eadd70e0ac6c5a16f36492f255ed4d011978b2cf34ad738efe6"
latest-published-id = "0xbf1431324a4a6eadd70e0ac6c5a16f36492f255ed4d011978b2cf34ad738efe6"
published-version = "1"
