# @generated by Move, please check-in and do not edit manually.

[move]
version = 0
manifest_digest = "714124D2EC7F60B1BD3D39D85C3FDC9F6B1043B5ADFFAC92D5C7AE3C42F6BB18"
deps_digest = "060AD7E57DFB13104F21BE5F5C3759D03F0553FC3229247D9A7A6B45F50D03A3"

dependencies = [
  { name = "Pyth" },
  { name = "Sui" },
  { name = "suins" },
]

[[move.package]]
name = "MoveStdlib"
source = { git = "https://github.com/MystenLabs/sui.git", rev = "mainnet", subdir = "crates/sui-framework/packages/move-stdlib" }

[[move.package]]
name = "Pyth"
source = { git = "https://github.com/0xaslan/pyth-crosschain.git", rev = "sui/price-info-test", subdir = "target_chains/sui/contracts" }

dependencies = [
  { name = "Sui" },
  { name = "Wormhole" },
]

[[move.package]]
name = "Sui"
source = { git = "https://github.com/MystenLabs/sui.git", rev = "mainnet", subdir = "crates/sui-framework/packages/sui-framework" }

dependencies = [
  { name = "MoveStdlib" },
]

[[move.package]]
name = "Wormhole"
source = { git = "https://github.com/wormhole-foundation/wormhole.git", rev = "82d82bffd5a8566e4b5d94be4e4678ad55ab1f4f", subdir = "sui/wormhole" }

dependencies = [
  { name = "Sui" },
]

[[move.package]]
name = "suins"
source = { local = "../suins" }

dependencies = [
  { name = "Sui" },
]

[move.toolchain-version]
compiler-version = "1.19.0"
edition = "legacy"
flavor = "sui"
