# @generated by Move, please check-in and do not edit manually.

[move]
version = 0
manifest_digest = "3CC7104FCFDC97D25DAA76DCA2EA1D5FDA5D4C34ECACF7431369087C4062DFFE"
deps_digest = "3C4103934B1E040BB6B23F1D610B4EF9F2F1166A50A104EADCF77467C004C600"

dependencies = [
  { name = "Sui" },
  { name = "suins" },
]

[[move.package]]
name = "MoveStdlib"
source = { git = "https://github.com/MystenLabs/sui.git", rev = "framework/testnet", subdir = "crates/sui-framework/packages/move-stdlib" }

[[move.package]]
name = "Sui"
source = { git = "https://github.com/MystenLabs/sui.git", rev = "framework/testnet", subdir = "crates/sui-framework/packages/sui-framework" }

dependencies = [
  { name = "MoveStdlib" },
]

[[move.package]]
name = "suins"
source = { local = "../suins" }

dependencies = [
  { name = "Sui" },
]
