# @generated by Move, please check-in and do not edit manually.

[move]
version = 3
manifest_digest = "375878261B925668FF3FC67E2044B4E43ED2B719C637683E8EEB06DE22781376"
deps_digest = "060AD7E57DFB13104F21BE5F5C3759D03F0553FC3229247D9A7A6B45F50D03A3"

dependencies = [
  { id = "Sui", name = "Sui" },
  { id = "day_one", name = "day_one" },
  { id = "suins", name = "suins" },
]

[[move.package]]
id = "MoveStdlib"
source = { git = "https://github.com/MystenLabs/sui.git", rev = "framework/mainnet", subdir = "crates/sui-framework/packages/move-stdlib" }

[[move.package]]
id = "Sui"
source = { git = "https://github.com/MystenLabs/sui.git", rev = "framework/mainnet", subdir = "crates/sui-framework/packages/sui-framework" }

dependencies = [
  { id = "MoveStdlib", name = "MoveStdlib" },
]

[[move.package]]
id = "day_one"
source = { local = "../day_one" }

dependencies = [
  { id = "Sui", name = "Sui" },
  { id = "suins", name = "suins" },
]

[[move.package]]
id = "suins"
source = { local = "../suins" }

dependencies = [
  { id = "Sui", name = "Sui" },
]

[move.toolchain-version]
compiler-version = "1.40.2"
edition = "2024.beta"
flavor = "sui"

[env]

[env.mainnet]
chain-id = "35834a8a"
original-published-id = "0x03f625d805339b1b0235ba8c503fa6ea62c88c02ddf14cd9d246d9e1febc0c76"
latest-published-id = "0x03f625d805339b1b0235ba8c503fa6ea62c88c02ddf14cd9d246d9e1febc0c76"
published-version = "1"

[env.testnet]
chain-id = "4c78adac"
original-published-id = "0x7976f9bfe81dcbdbb635efb0ecb02844cd79109d3a698d05c06ca9fd2f97d262"
latest-published-id = "0x7976f9bfe81dcbdbb635efb0ecb02844cd79109d3a698d05c06ca9fd2f97d262"
published-version = "1"
