# @generated by Move, please check-in and do not edit manually.

[move]
version = 2
manifest_digest = "2701F1CE63D3E29AE504D238732980F5121AD8F20B7D20705DE2F9DAC9AC0709"
deps_digest = "060AD7E57DFB13104F21BE5F5C3759D03F0553FC3229247D9A7A6B45F50D03A3"
dependencies = [
  { name = "Pyth" },
  { name = "Sui" },
  { name = "suins" },
]

[[move.package]]
name = "MoveStdlib"
source = { git = "https://github.com/MystenLabs/sui.git", rev = "framework/testnet", subdir = "crates/sui-framework/packages/move-stdlib" }

[[move.package]]
name = "Pyth"
source = { git = "https://github.com/pyth-network/pyth-crosschain.git", rev = "sui-contract-testnet", subdir = "target_chains/sui/contracts" }

dependencies = [
  { name = "Sui" },
  { name = "Wormhole" },
]

[[move.package]]
name = "Sui"
source = { git = "https://github.com/MystenLabs/sui.git", rev = "framework/testnet", subdir = "crates/sui-framework/packages/sui-framework" }

dependencies = [
  { name = "MoveStdlib" },
]

[[move.package]]
name = "Wormhole"
source = { git = "https://github.com/wormhole-foundation/wormhole.git", rev = "sui-upgrade-testnet", subdir = "sui/wormhole" }

dependencies = [
  { name = "Sui" },
]

[[move.package]]
name = "suins"
source = { local = "../suins" }

dependencies = [
  { name = "Sui" },
]

[move.toolchain-version]
compiler-version = "1.26.0"
edition = "2024.beta"
flavor = "sui"
