# Generated by move; do not edit
# This file should be checked in.

[move]
version = 4

[pinned.mainnet.MoveStdlib]
source = { git = "https://github.com/MystenLabs/sui.git", subdir = "crates/sui-framework/packages/move-stdlib", rev = "04dd28d5c5d92bff685ddfecb86f8acce18ce6df" }
use_environment = "mainnet"
manifest_digest = "C4FE4C91DE74CBF223B2E380AE40F592177D21870DC2D7EB6227D2D694E05363"
deps = {}

[pinned.mainnet.Sui]
source = { git = "https://github.com/MystenLabs/sui.git", subdir = "crates/sui-framework/packages/sui-framework", rev = "04dd28d5c5d92bff685ddfecb86f8acce18ce6df" }
use_environment = "mainnet"
manifest_digest = "CD547CB1ACCE0880C835DAED2D8FFCB91D56C833AE5240D3AA5B918398263195"
deps = { MoveStdlib = "MoveStdlib" }

[pinned.mainnet.suins]
source = { local = "../suins" }
use_environment = "mainnet"
manifest_digest = "BA49968BFF7C4A4D9F013B59535CF8B89D935A7C6D63C121606B1FE844829B72"
deps = { Sui = "Sui" }

[pinned.mainnet.suins_denylist]
source = { local = "../denylist" }
use_environment = "mainnet"
manifest_digest = "CF04B12699C70C9E384FDF7A0F9E667F75582CE78D7020587DACD3E93392F8E2"
deps = { Sui = "Sui", suins = "suins" }

[pinned.mainnet.suins_subdomains]
source = { root = true }
use_environment = "mainnet"
manifest_digest = "CCF1199880EDDC27DD5AB413C49045F2B2C01F864566CC906FFA2C1A922B9E76"
deps = { Sui = "Sui", suins = "suins", suins_denylist = "suins_denylist" }
