# @generated by Move, please check-in and do not edit manually.

[move]
version = 2
manifest_digest = "5383444117B9526C8DBC6CC51B475DD1DE14557064C5EE21B254FAC92822EBEB"
deps_digest = "060AD7E57DFB13104F21BE5F5C3759D03F0553FC3229247D9A7A6B45F50D03A3"
dependencies = [
  { name = "Sui" },
  { name = "denylist" },
  { name = "suins" },
]

[[move.package]]
name = "MoveStdlib"
source = { git = "https://github.com/MystenLabs/sui.git", rev = "framework/mainnet", subdir = "crates/sui-framework/packages/move-stdlib" }

[[move.package]]
name = "Sui"
source = { git = "https://github.com/MystenLabs/sui.git", rev = "framework/mainnet", subdir = "crates/sui-framework/packages/sui-framework" }

dependencies = [
  { name = "MoveStdlib" },
]

[[move.package]]
name = "denylist"
source = { local = "../denylist" }

dependencies = [
  { name = "Sui" },
  { name = "suins" },
]

[[move.package]]
name = "suins"
source = { local = "../suins" }

dependencies = [
  { name = "Sui" },
]

[move.toolchain-version]
compiler-version = "1.23.1"
edition = "2024.beta"
flavor = "sui"

[env]

[env.mainnet]
chain-id = "35834a8a"
original-published-id = "0xe177697e191327901637f8d2c5ffbbde8b1aaac27ec1024c4b62d1ebd1cd7430"
latest-published-id = "0xe177697e191327901637f8d2c5ffbbde8b1aaac27ec1024c4b62d1ebd1cd7430"
published-version = "1"
