# @generated by Move, please check-in and do not edit manually.

[move]
version = 3
manifest_digest = "4885B1ACB20E28D41268FE152DF06E3E9066CFA33459AF6ACEC4377B2E77AC3B"
deps_digest = "52B406A7A21811BEF51751CF88DA0E76DAEFFEAC888D4F4060B1A72BBE7D8D35"
dependencies = [
  { id = "Bridge", name = "Bridge" },
  { id = "MoveStdlib", name = "MoveStdlib" },
  { id = "Sui", name = "Sui" },
  { id = "SuiSystem", name = "SuiSystem" },
  { id = "seal", name = "seal" },
  { id = "suins", name = "suins" },
]

[[move.package]]
id = "Bridge"
source = { git = "https://github.com/MystenLabs/sui.git", rev = "61dcfdbe2ddc7ad05d27fc10cd09d4c6cc151acd", subdir = "crates/sui-framework/packages/bridge" }

dependencies = [
  { id = "MoveStdlib", name = "MoveStdlib" },
  { id = "Sui", name = "Sui" },
  { id = "SuiSystem", name = "SuiSystem" },
]

[[move.package]]
id = "MoveStdlib"
source = { git = "https://github.com/MystenLabs/sui.git", rev = "61dcfdbe2ddc7ad05d27fc10cd09d4c6cc151acd", subdir = "crates/sui-framework/packages/move-stdlib" }

[[move.package]]
id = "Sui"
source = { git = "https://github.com/MystenLabs/sui.git", rev = "61dcfdbe2ddc7ad05d27fc10cd09d4c6cc151acd", subdir = "crates/sui-framework/packages/sui-framework" }

dependencies = [
  { id = "MoveStdlib", name = "MoveStdlib" },
]

[[move.package]]
id = "SuiSystem"
source = { git = "https://github.com/MystenLabs/sui.git", rev = "61dcfdbe2ddc7ad05d27fc10cd09d4c6cc151acd", subdir = "crates/sui-framework/packages/sui-system" }

dependencies = [
  { id = "MoveStdlib", name = "MoveStdlib" },
  { id = "Sui", name = "Sui" },
]

[[move.package]]
id = "seal"
source = { git = "git@github.com:buidly/seal.git", rev = "main", subdir = "move/seal" }

dependencies = [
  { id = "Sui", name = "Sui" },
]

[[move.package]]
id = "suins"
source = { local = "../suins" }

dependencies = [
  { id = "Sui", name = "Sui" },
]

[move.toolchain-version]
compiler-version = "1.59.0"
edition = "2024.beta"
flavor = "sui"

[env]

[env.testnet]
chain-id = "4c78adac"
original-published-id = "0x88aa78c614e857fcb185b77b6bd300d2c9b9cd7f56da3351bd16397f2ee32e3b"
latest-published-id = "0x88aa78c614e857fcb185b77b6bd300d2c9b9cd7f56da3351bd16397f2ee32e3b"
published-version = "1"
