# @generated by Move, please check-in and do not edit manually.

[move]
version = 3
manifest_digest = "1C2AB0A6BCA4A5194B206114279E823BB97F145452B43AF25B4EC603AB91E6B6"
deps_digest = "52B406A7A21811BEF51751CF88DA0E76DAEFFEAC888D4F4060B1A72BBE7D8D35"
dependencies = [
  { id = "Bridge", name = "Bridge" },
  { id = "MoveStdlib", name = "MoveStdlib" },
  { id = "Sui", name = "Sui" },
  { id = "SuiSystem", name = "SuiSystem" },
  { id = "seal", name = "seal" },
  { id = "suins", name = "suins" },
]

[[move.package]]
id = "Bridge"
source = { git = "https://github.com/MystenLabs/sui.git", rev = "ad937889f2f99bc666b05aaeadccb0d3d7d1f863", subdir = "crates/sui-framework/packages/bridge" }

dependencies = [
  { id = "MoveStdlib", name = "MoveStdlib" },
  { id = "Sui", name = "Sui" },
  { id = "SuiSystem", name = "SuiSystem" },
]

[[move.package]]
id = "MoveStdlib"
source = { git = "https://github.com/MystenLabs/sui.git", rev = "ad937889f2f99bc666b05aaeadccb0d3d7d1f863", subdir = "crates/sui-framework/packages/move-stdlib" }

[[move.package]]
id = "Sui"
source = { git = "https://github.com/MystenLabs/sui.git", rev = "ad937889f2f99bc666b05aaeadccb0d3d7d1f863", subdir = "crates/sui-framework/packages/sui-framework" }

dependencies = [
  { id = "MoveStdlib", name = "MoveStdlib" },
]

[[move.package]]
id = "SuiSystem"
source = { git = "https://github.com/MystenLabs/sui.git", rev = "ad937889f2f99bc666b05aaeadccb0d3d7d1f863", subdir = "crates/sui-framework/packages/sui-system" }

dependencies = [
  { id = "MoveStdlib", name = "MoveStdlib" },
  { id = "Sui", name = "Sui" },
]

[[move.package]]
id = "seal"
source = { git = "git@github.com:MystenLabs/seal.git", rev = "3eae7967484e631d07dfced2b541330949bf21dc", subdir = "move/seal" }

dependencies = [
  { id = "Sui", name = "Sui" },
]

[[move.package]]
id = "suins"
source = { local = "../suins" }

dependencies = [
  { id = "Sui", name = "Sui" },
]

[move.toolchain-version]
compiler-version = "1.62.0"
edition = "2024.beta"
flavor = "sui"

[env]

[env.testnet]
chain-id = "4c78adac"
original-published-id = "0xd421a8ebd93c4f93a4020e733b98108db3498be90a0d62ffed1ef926434aa569"
latest-published-id = "0xbd2b57cddef6674d5a4dfd14518583ea9bb194ec47207a8c1dcf00740babc2eb"
published-version = "2"
