# @generated by Move, please check-in and do not edit manually.

[move]
version = 3
manifest_digest = "3692C5AFDC1BD7AD78520520D446CC330277407A4BAF778BCE1B2E6ABC54D785"
deps_digest = "CAFAD8A7CF51067FB4358215BECB86BD100DD64E57C2AC8A7AE7D74B688F5965"
dependencies = [
  { id = "AftermathAmm", name = "AftermathAmm" },
  { id = "Bridge", name = "Bridge" },
  { id = "CetusClmm", name = "CetusClmm" },
  { id = "MoveStdlib", name = "MoveStdlib" },
  { id = "Pyth", name = "Pyth" },
  { id = "Sui", name = "Sui" },
  { id = "SuiSystem", name = "SuiSystem" },
]

[[move.package]]
id = "AftermathAmm"
source = { git = "https://github.com/AftermathFinance/move-interfaces.git", rev = "82ec985", subdir = "packages/amm/amm" }

dependencies = [
  { id = "AmmMath", name = "AmmMath" },
  { id = "ProtocolFeeVault", name = "ProtocolFeeVault" },
  { id = "Sui", name = "Sui" },
]

[[move.package]]
id = "AmmMath"
source = { git = "https://github.com/AftermathFinance/move-interfaces.git", rev = "82ec985", subdir = "packages/amm/amm-math" }

dependencies = [
  { id = "Sui", name = "Sui" },
]

[[move.package]]
id = "Bridge"
source = { git = "https://github.com/MystenLabs/sui.git", rev = "2cde80b5766b0bc2073908e10f6e3c81c93fd691", subdir = "crates/sui-framework/packages/bridge" }

dependencies = [
  { id = "MoveStdlib", name = "MoveStdlib" },
  { id = "Sui", name = "Sui" },
  { id = "SuiSystem", name = "SuiSystem" },
]

[[move.package]]
id = "CetusClmm"
source = { git = "https://github.com/CetusProtocol/cetus-clmm-interface.git", rev = "mainnet-v1.49.2", subdir = "sui/cetus_clmm" }

dependencies = [
  { id = "Bridge", name = "Bridge" },
  { id = "IntegerMate", name = "IntegerMate" },
  { id = "MoveSTL", name = "MoveSTL" },
  { id = "MoveStdlib", name = "MoveStdlib" },
  { id = "Sui", name = "Sui" },
  { id = "SuiSystem", name = "SuiSystem" },
]

[[move.package]]
id = "InsuranceFund"
source = { git = "https://github.com/AftermathFinance/move-interfaces.git", rev = "82ec985", subdir = "packages/amm/amm-insurance-fund" }

dependencies = [
  { id = "Sui", name = "Sui" },
]

[[move.package]]
id = "IntegerMate"
source = { git = "https://github.com/CetusProtocol/integer-mate.git", rev = "sui-v1.2.0", subdir = "sui" }

dependencies = [
  { id = "Sui", name = "Sui" },
]

[[move.package]]
id = "MoveSTL"
source = { git = "https://github.com/CetusProtocol/move-stl.git", rev = "mainnet-v1.48.2", subdir = "sui" }

dependencies = [
  { id = "Bridge", name = "Bridge" },
  { id = "MoveStdlib", name = "MoveStdlib" },
  { id = "Sui", name = "Sui" },
  { id = "SuiSystem", name = "SuiSystem" },
]

[[move.package]]
id = "MoveStdlib"
source = { git = "https://github.com/MystenLabs/sui.git", rev = "2cde80b5766b0bc2073908e10f6e3c81c93fd691", subdir = "crates/sui-framework/packages/move-stdlib" }

[[move.package]]
id = "ProtocolFeeVault"
source = { git = "https://github.com/AftermathFinance/move-interfaces.git", rev = "82ec985", subdir = "packages/amm/amm-protocol-fee-vault" }

dependencies = [
  { id = "InsuranceFund", name = "InsuranceFund" },
  { id = "ReferralVault", name = "ReferralVault" },
  { id = "Sui", name = "Sui" },
  { id = "Treasury", name = "Treasury" },
  { id = "utilities", name = "utilities" },
]

[[move.package]]
id = "Pyth"
source = { git = "https://github.com/pyth-network/pyth-crosschain.git", rev = "sui-contract-mainnet", subdir = "target_chains/sui/contracts" }

dependencies = [
  { id = "Sui", name = "Sui" },
  { id = "Wormhole", name = "Wormhole" },
]

[[move.package]]
id = "ReferralVault"
source = { git = "https://github.com/AftermathFinance/move-interfaces.git", rev = "82ec985", subdir = "packages/amm/amm-referral-vault" }

dependencies = [
  { id = "Sui", name = "Sui" },
]

[[move.package]]
id = "Sui"
source = { git = "https://github.com/MystenLabs/sui.git", rev = "2cde80b5766b0bc2073908e10f6e3c81c93fd691", subdir = "crates/sui-framework/packages/sui-framework" }

dependencies = [
  { id = "MoveStdlib", name = "MoveStdlib" },
]

[[move.package]]
id = "SuiSystem"
source = { git = "https://github.com/MystenLabs/sui.git", rev = "2cde80b5766b0bc2073908e10f6e3c81c93fd691", subdir = "crates/sui-framework/packages/sui-system" }

dependencies = [
  { id = "MoveStdlib", name = "MoveStdlib" },
  { id = "Sui", name = "Sui" },
]

[[move.package]]
id = "Treasury"
source = { git = "https://github.com/AftermathFinance/move-interfaces.git", rev = "82ec985", subdir = "packages/amm/amm-treasury" }

dependencies = [
  { id = "Sui", name = "Sui" },
]

[[move.package]]
id = "Wormhole"
source = { git = "https://github.com/wormhole-foundation/wormhole.git", rev = "sui/mainnet", subdir = "sui/wormhole" }

dependencies = [
  { id = "Sui", name = "Sui" },
]

[[move.package]]
id = "utilities"
source = { git = "https://github.com/AftermathFinance/move-interfaces.git", rev = "82ec985", subdir = "packages/utility/utilities" }

dependencies = [
  { id = "Sui", name = "Sui" },
]

[move.toolchain-version]
compiler-version = "1.55.0"
edition = "2024.beta"
flavor = "sui"

[env]

[env.mainnet]
chain-id = "35834a8a"
original-published-id = "0x6268d072063a311f6f0a1db516d06d97c06a3fa6d10e797cad578937a47b3992"
latest-published-id = "0x6268d072063a311f6f0a1db516d06d97c06a3fa6d10e797cad578937a47b3992"
published-version = "1"
