# Generated by move; do not edit
# This file should be checked in.

[move]
version = 4

[pinned.mainnet.AftermathAmm]
source = { git = "https://github.com/AftermathFinance/move-interfaces.git", subdir = "packages/amm/amm", rev = "82ec9858667343f35528f0e0ea7cd759249b2b18" }
use_environment = "mainnet"
manifest_digest = "8DB5FECBA8D984517EB6991663D78330A64FE7B3636CB42E2DC9D306A50715D8"
deps = { AmmMath = "AmmMath", ProtocolFeeVault = "ProtocolFeeVault", Sui = "Sui_1" }

[pinned.mainnet.AmmMath]
source = { git = "https://github.com/AftermathFinance/move-interfaces.git", subdir = "packages/amm/amm-math", rev = "82ec9858667343f35528f0e0ea7cd759249b2b18" }
use_environment = "mainnet"
manifest_digest = "BA49968BFF7C4A4D9F013B59535CF8B89D935A7C6D63C121606B1FE844829B72"
deps = { Sui = "Sui_1" }

[pinned.mainnet.CetusClmm]
source = { git = "https://github.com/CetusProtocol/cetus-clmm-interface.git", subdir = "sui/cetus_clmm", rev = "3662be1a73a34083ac815d05146bd4a7480d82dd" }
use_environment = "mainnet"
manifest_digest = "F49C93C5BFF993CB57138344C4209D80746D2DBF6E5B056900184F0F9355E77F"
deps = { IntegerMate = "IntegerMate", MoveSTL = "MoveSTL", std = "MoveStdlib", sui = "Sui" }

[pinned.mainnet.InsuranceFund]
source = { git = "https://github.com/AftermathFinance/move-interfaces.git", subdir = "packages/amm/amm-insurance-fund", rev = "82ec9858667343f35528f0e0ea7cd759249b2b18" }
use_environment = "mainnet"
manifest_digest = "BA49968BFF7C4A4D9F013B59535CF8B89D935A7C6D63C121606B1FE844829B72"
deps = { Sui = "Sui_1" }

[pinned.mainnet.IntegerMate]
source = { git = "https://github.com/CetusProtocol/integer-mate.git", subdir = "sui", rev = "83f9c184ea219249986300eb17ef18c4aad7575c" }
use_environment = "mainnet"
manifest_digest = "7AF3E6BDD80570B066831AC1D2C79EC7DF74BB5F48F30183D9CE56C08F817641"
deps = { Sui = "Sui_2" }

[pinned.mainnet.MoveSTL]
source = { git = "https://github.com/CetusProtocol/move-stl.git", subdir = "sui", rev = "cdb7be691e31144d83197078956316912485d587" }
use_environment = "mainnet"
manifest_digest = "E41BBD67BE8940D26C79D78B028477EF5B33BA217A1282C78ACB344CF8A5ECF6"
deps = { std = "MoveStdlib", sui = "Sui" }

[pinned.mainnet.MoveStdlib]
source = { git = "https://github.com/MystenLabs/sui.git", subdir = "crates/sui-framework/packages/move-stdlib", rev = "655576caa3d7faaed39ebbc15d1bcc91d0761aee" }
use_environment = "mainnet"
manifest_digest = "C4FE4C91DE74CBF223B2E380AE40F592177D21870DC2D7EB6227D2D694E05363"
deps = {}

[pinned.mainnet.MoveStdlib_1]
source = { git = "https://github.com/MystenLabs/sui.git", subdir = "crates/sui-framework/packages/move-stdlib", rev = "03cf0fbaa21f4697ba40b17ff0cfb58377a50a45" }
use_environment = "mainnet"
manifest_digest = "C4FE4C91DE74CBF223B2E380AE40F592177D21870DC2D7EB6227D2D694E05363"
deps = {}

[pinned.mainnet.MoveStdlib_2]
source = { git = "https://github.com/MystenLabs/sui.git", subdir = "crates/sui-framework/packages/move-stdlib", rev = "2b1b14361f9fe645ef3c233ccb208522e87b5727" }
use_environment = "mainnet"
manifest_digest = "C4FE4C91DE74CBF223B2E380AE40F592177D21870DC2D7EB6227D2D694E05363"
deps = {}

[pinned.mainnet.MoveStdlib_3]
source = { git = "https://github.com/MystenLabs/sui.git", subdir = "crates/sui-framework/packages/move-stdlib", rev = "041c5f2bae2fe52079e44b70514333532d69f4e6" }
use_environment = "mainnet"
manifest_digest = "C4FE4C91DE74CBF223B2E380AE40F592177D21870DC2D7EB6227D2D694E05363"
deps = {}

[pinned.mainnet.ProtocolFeeVault]
source = { git = "https://github.com/AftermathFinance/move-interfaces.git", subdir = "packages/amm/amm-protocol-fee-vault", rev = "82ec9858667343f35528f0e0ea7cd759249b2b18" }
use_environment = "mainnet"
manifest_digest = "FCD0F8632A0963C70425171191ED565DF07097524C575155F7F7C8539B09F890"
deps = { InsuranceFund = "InsuranceFund", ReferralVault = "ReferralVault", Sui = "Sui_1", Treasury = "Treasury", utilities = "utilities" }

[pinned.mainnet.Pyth]
source = { git = "https://github.com/pyth-network/pyth-crosschain.git", subdir = "target_chains/sui/contracts", rev = "3bd1262dcba9518a6901aa6a15f04072799bfb37" }
use_environment = "mainnet"
manifest_digest = "F2C5AF85C4B72C8F6A8132D05DE4F787F4EB80DBFF812331ED65AE599E7DF92A"
deps = { Sui = "Sui_3", Wormhole = "Wormhole" }

[pinned.mainnet.ReferralVault]
source = { git = "https://github.com/AftermathFinance/move-interfaces.git", subdir = "packages/amm/amm-referral-vault", rev = "82ec9858667343f35528f0e0ea7cd759249b2b18" }
use_environment = "mainnet"
manifest_digest = "BA49968BFF7C4A4D9F013B59535CF8B89D935A7C6D63C121606B1FE844829B72"
deps = { Sui = "Sui_1" }

[pinned.mainnet.Sui]
source = { git = "https://github.com/MystenLabs/sui.git", subdir = "crates/sui-framework/packages/sui-framework", rev = "655576caa3d7faaed39ebbc15d1bcc91d0761aee" }
use_environment = "mainnet"
manifest_digest = "CD547CB1ACCE0880C835DAED2D8FFCB91D56C833AE5240D3AA5B918398263195"
deps = { MoveStdlib = "MoveStdlib" }

[pinned.mainnet.Sui_1]
source = { git = "https://github.com/MystenLabs/sui.git", subdir = "crates/sui-framework/packages/sui-framework", rev = "03cf0fbaa21f4697ba40b17ff0cfb58377a50a45" }
use_environment = "mainnet"
manifest_digest = "CD547CB1ACCE0880C835DAED2D8FFCB91D56C833AE5240D3AA5B918398263195"
deps = { MoveStdlib = "MoveStdlib_1" }

[pinned.mainnet.Sui_2]
source = { git = "https://github.com/MystenLabs/sui.git", subdir = "crates/sui-framework/packages/sui-framework", rev = "2b1b14361f9fe645ef3c233ccb208522e87b5727" }
use_environment = "mainnet"
manifest_digest = "CD547CB1ACCE0880C835DAED2D8FFCB91D56C833AE5240D3AA5B918398263195"
deps = { MoveStdlib = "MoveStdlib_2" }

[pinned.mainnet.Sui_3]
source = { git = "https://github.com/MystenLabs/sui.git", subdir = "crates/sui-framework/packages/sui-framework", rev = "041c5f2bae2fe52079e44b70514333532d69f4e6" }
use_environment = "mainnet"
manifest_digest = "CD547CB1ACCE0880C835DAED2D8FFCB91D56C833AE5240D3AA5B918398263195"
deps = { MoveStdlib = "MoveStdlib_3" }

[pinned.mainnet.Treasury]
source = { git = "https://github.com/AftermathFinance/move-interfaces.git", subdir = "packages/amm/amm-treasury", rev = "82ec9858667343f35528f0e0ea7cd759249b2b18" }
use_environment = "mainnet"
manifest_digest = "BA49968BFF7C4A4D9F013B59535CF8B89D935A7C6D63C121606B1FE844829B72"
deps = { Sui = "Sui_1" }

[pinned.mainnet.Wormhole]
source = { git = "https://github.com/wormhole-foundation/wormhole.git", subdir = "sui/wormhole", rev = "b71be5cbb9537c4aac8e23e74371affa3825efcd" }
use_environment = "mainnet"
manifest_digest = "0D766A0380B75080707CFA6099AF469A2E502B0D9DC334A9E9983B391C5555D9"
deps = { Sui = "Sui_3" }

[pinned.mainnet.suins_bbb]
source = { root = true }
use_environment = "mainnet"
manifest_digest = "E5E226608727048A033D5FD9727B1257191639D614B2D37121874F50D9A60A27"
deps = { AftermathAmm = "AftermathAmm", CetusClmm = "CetusClmm", Pyth = "Pyth", std = "MoveStdlib", sui = "Sui" }

[pinned.mainnet.utilities]
source = { git = "https://github.com/AftermathFinance/move-interfaces.git", subdir = "packages/utility/utilities", rev = "82ec9858667343f35528f0e0ea7cd759249b2b18" }
use_environment = "mainnet"
manifest_digest = "BA49968BFF7C4A4D9F013B59535CF8B89D935A7C6D63C121606B1FE844829B72"
deps = { Sui = "Sui_1" }

[pinned.testnet.AftermathAmm]
source = { git = "https://github.com/AftermathFinance/move-interfaces.git", subdir = "packages/amm/amm", rev = "82ec9858667343f35528f0e0ea7cd759249b2b18" }
use_environment = "testnet"
manifest_digest = "A13EC0BA756AC833B670AF29A84AF395DB4DC52B8165D03BFD589B39B4DD10D9"
deps = { AmmMath = "AmmMath", ProtocolFeeVault = "ProtocolFeeVault", Sui = "Sui_1" }

[pinned.testnet.AmmMath]
source = { git = "https://github.com/AftermathFinance/move-interfaces.git", subdir = "packages/amm/amm-math", rev = "82ec9858667343f35528f0e0ea7cd759249b2b18" }
use_environment = "testnet"
manifest_digest = "DEE42C89BB3F8EC67C17BC4AE0CEBE14A28F4FA787E857046EAF0FA38D556496"
deps = { Sui = "Sui_1" }

[pinned.testnet.CetusClmm]
source = { git = "https://github.com/CetusProtocol/cetus-clmm-interface.git", subdir = "sui/cetus_clmm", rev = "3662be1a73a34083ac815d05146bd4a7480d82dd" }
use_environment = "testnet"
manifest_digest = "B20C5E98FB813E14CE125E63F50EB6FD8EB005A218F21FBBBE6175D3EAC96837"
deps = { IntegerMate = "IntegerMate", MoveSTL = "MoveSTL", std = "MoveStdlib", sui = "Sui" }

[pinned.testnet.InsuranceFund]
source = { git = "https://github.com/AftermathFinance/move-interfaces.git", subdir = "packages/amm/amm-insurance-fund", rev = "82ec9858667343f35528f0e0ea7cd759249b2b18" }
use_environment = "testnet"
manifest_digest = "DEE42C89BB3F8EC67C17BC4AE0CEBE14A28F4FA787E857046EAF0FA38D556496"
deps = { Sui = "Sui_1" }

[pinned.testnet.IntegerMate]
source = { git = "https://github.com/CetusProtocol/integer-mate.git", subdir = "sui", rev = "83f9c184ea219249986300eb17ef18c4aad7575c" }
use_environment = "testnet"
manifest_digest = "2BC33E66793F939A8EC39025214D5DF5DD4B68E8111653C51FA3816FF49A6CDF"
deps = { Sui = "Sui_2" }

[pinned.testnet.MoveSTL]
source = { git = "https://github.com/CetusProtocol/move-stl.git", subdir = "sui", rev = "cdb7be691e31144d83197078956316912485d587" }
use_environment = "testnet"
manifest_digest = "5745706258F61D6CE210904B3E6AE87A73CE9D31A6F93BE4718C442529332A87"
deps = { std = "MoveStdlib", sui = "Sui" }

[pinned.testnet.MoveStdlib]
source = { git = "https://github.com/MystenLabs/sui.git", subdir = "crates/sui-framework/packages/move-stdlib", rev = "655576caa3d7faaed39ebbc15d1bcc91d0761aee" }
use_environment = "testnet"
manifest_digest = "C4FE4C91DE74CBF223B2E380AE40F592177D21870DC2D7EB6227D2D694E05363"
deps = {}

[pinned.testnet.MoveStdlib_1]
source = { git = "https://github.com/MystenLabs/sui.git", subdir = "crates/sui-framework/packages/move-stdlib", rev = "03cf0fbaa21f4697ba40b17ff0cfb58377a50a45" }
use_environment = "testnet"
manifest_digest = "C4FE4C91DE74CBF223B2E380AE40F592177D21870DC2D7EB6227D2D694E05363"
deps = {}

[pinned.testnet.MoveStdlib_2]
source = { git = "https://github.com/MystenLabs/sui.git", subdir = "crates/sui-framework/packages/move-stdlib", rev = "2b1b14361f9fe645ef3c233ccb208522e87b5727" }
use_environment = "testnet"
manifest_digest = "C4FE4C91DE74CBF223B2E380AE40F592177D21870DC2D7EB6227D2D694E05363"
deps = {}

[pinned.testnet.MoveStdlib_3]
source = { git = "https://github.com/MystenLabs/sui.git", subdir = "crates/sui-framework/packages/move-stdlib", rev = "041c5f2bae2fe52079e44b70514333532d69f4e6" }
use_environment = "testnet"
manifest_digest = "C4FE4C91DE74CBF223B2E380AE40F592177D21870DC2D7EB6227D2D694E05363"
deps = {}

[pinned.testnet.ProtocolFeeVault]
source = { git = "https://github.com/AftermathFinance/move-interfaces.git", subdir = "packages/amm/amm-protocol-fee-vault", rev = "82ec9858667343f35528f0e0ea7cd759249b2b18" }
use_environment = "testnet"
manifest_digest = "E007DCDCCC9419E145B4F89BA3D7FABD700B9CD4628A725CAD866A17767D6B90"
deps = { InsuranceFund = "InsuranceFund", ReferralVault = "ReferralVault", Sui = "Sui_1", Treasury = "Treasury", utilities = "utilities" }

[pinned.testnet.Pyth]
source = { git = "https://github.com/pyth-network/pyth-crosschain.git", subdir = "target_chains/sui/contracts", rev = "3bd1262dcba9518a6901aa6a15f04072799bfb37" }
use_environment = "testnet"
manifest_digest = "9942AAB3725BC51DADB046B4440A3D008E554C9286ECC72B3DE5CC0309C0D63D"
deps = { Sui = "Sui_3", Wormhole = "Wormhole" }

[pinned.testnet.ReferralVault]
source = { git = "https://github.com/AftermathFinance/move-interfaces.git", subdir = "packages/amm/amm-referral-vault", rev = "82ec9858667343f35528f0e0ea7cd759249b2b18" }
use_environment = "testnet"
manifest_digest = "DEE42C89BB3F8EC67C17BC4AE0CEBE14A28F4FA787E857046EAF0FA38D556496"
deps = { Sui = "Sui_1" }

[pinned.testnet.Sui]
source = { git = "https://github.com/MystenLabs/sui.git", subdir = "crates/sui-framework/packages/sui-framework", rev = "655576caa3d7faaed39ebbc15d1bcc91d0761aee" }
use_environment = "testnet"
manifest_digest = "7AFB66695545775FBFBB2D3078ADFD084244D5002392E837FDE21D9EA1C6D01C"
deps = { MoveStdlib = "MoveStdlib" }

[pinned.testnet.Sui_1]
source = { git = "https://github.com/MystenLabs/sui.git", subdir = "crates/sui-framework/packages/sui-framework", rev = "03cf0fbaa21f4697ba40b17ff0cfb58377a50a45" }
use_environment = "testnet"
manifest_digest = "7AFB66695545775FBFBB2D3078ADFD084244D5002392E837FDE21D9EA1C6D01C"
deps = { MoveStdlib = "MoveStdlib_1" }

[pinned.testnet.Sui_2]
source = { git = "https://github.com/MystenLabs/sui.git", subdir = "crates/sui-framework/packages/sui-framework", rev = "2b1b14361f9fe645ef3c233ccb208522e87b5727" }
use_environment = "testnet"
manifest_digest = "7AFB66695545775FBFBB2D3078ADFD084244D5002392E837FDE21D9EA1C6D01C"
deps = { MoveStdlib = "MoveStdlib_2" }

[pinned.testnet.Sui_3]
source = { git = "https://github.com/MystenLabs/sui.git", subdir = "crates/sui-framework/packages/sui-framework", rev = "041c5f2bae2fe52079e44b70514333532d69f4e6" }
use_environment = "testnet"
manifest_digest = "7AFB66695545775FBFBB2D3078ADFD084244D5002392E837FDE21D9EA1C6D01C"
deps = { MoveStdlib = "MoveStdlib_3" }

[pinned.testnet.Treasury]
source = { git = "https://github.com/AftermathFinance/move-interfaces.git", subdir = "packages/amm/amm-treasury", rev = "82ec9858667343f35528f0e0ea7cd759249b2b18" }
use_environment = "testnet"
manifest_digest = "DEE42C89BB3F8EC67C17BC4AE0CEBE14A28F4FA787E857046EAF0FA38D556496"
deps = { Sui = "Sui_1" }

[pinned.testnet.Wormhole]
source = { git = "https://github.com/wormhole-foundation/wormhole.git", subdir = "sui/wormhole", rev = "b71be5cbb9537c4aac8e23e74371affa3825efcd" }
use_environment = "testnet"
manifest_digest = "6996F1AB8CD448FFBA142C085C488FE8A46B485E61E38A1891EFA52B30D9C12E"
deps = { Sui = "Sui_3" }

[pinned.testnet.suins_bbb]
source = { root = true }
use_environment = "testnet"
manifest_digest = "3A3115DCA323D3A93C1FCB98C41367763069704097E5310E5DE7A606F3A206F8"
deps = { AftermathAmm = "AftermathAmm", CetusClmm = "CetusClmm", Pyth = "Pyth", std = "MoveStdlib", sui = "Sui" }

[pinned.testnet.utilities]
source = { git = "https://github.com/AftermathFinance/move-interfaces.git", subdir = "packages/utility/utilities", rev = "82ec9858667343f35528f0e0ea7cd759249b2b18" }
use_environment = "testnet"
manifest_digest = "DEE42C89BB3F8EC67C17BC4AE0CEBE14A28F4FA787E857046EAF0FA38D556496"
deps = { Sui = "Sui_1" }
